
Microsoft Visual Studio Solution File, Format Version 12.00
# Visual Studio 15
VisualStudioVersion = 15.0.28307.168
MinimumVisualStudioVersion = 10.0.40219.1
Project("{9A19103F-16F7-4668-BE54-9A1E7A4F7556}") = "GiftShop", "GiftShop\GiftShop.csproj", "{B7A87EFE-F37B-4134-B0CC-4934C750072B}"
EndProject
Project("{9A19103F-16F7-4668-BE54-9A1E7A4F7556}") = "GiftShopMVC", "GiftShopMVC\GiftShopMVC.csproj", "{CF54ADC4-9C94-4304-9183-59AB8F11FEB2}"
EndProject
Project("{E53339B2-1760-4266-BCC7-CA923CBCF16C}") = "docker-compose", "docker-compose.dcproj", "{45C15002-E18C-40F4-B055-2D5260BB3368}"
EndProject
Global
	GlobalSection(SolutionConfigurationPlatforms) = preSolution
		Debug|Any CPU = Debug|Any CPU
		Release|Any CPU = Release|Any CPU
	EndGlobalSection
	GlobalSection(ProjectConfigurationPlatforms) = postSolution
		{B7A87EFE-F37B-4134-B0CC-4934C750072B}.Debug|Any CPU.ActiveCfg = Debug|Any CPU
		{B7A87EFE-F37B-4134-B0CC-4934C750072B}.Debug|Any CPU.Build.0 = Debug|Any CPU
		{B7A87EFE-F37B-4134-B0CC-4934C750072B}.Release|Any CPU.ActiveCfg = Release|Any CPU
		{B7A87EFE-F37B-4134-B0CC-4934C750072B}.Release|Any CPU.Build.0 = Release|Any CPU
		{CF54ADC4-9C94-4304-9183-59AB8F11FEB2}.Debug|Any CPU.ActiveCfg = Debug|Any CPU
		{CF54ADC4-9C94-4304-9183-59AB8F11FEB2}.Debug|Any CPU.Build.0 = Debug|Any CPU
		{CF54ADC4-9C94-4304-9183-59AB8F11FEB2}.Release|Any CPU.ActiveCfg = Release|Any CPU
		{CF54ADC4-9C94-4304-9183-59AB8F11FEB2}.Release|Any CPU.Build.0 = Release|Any CPU
		{45C15002-E18C-40F4-B055-2D5260BB3368}.Debug|Any CPU.ActiveCfg = Debug|Any CPU
		{45C15002-E18C-40F4-B055-2D5260BB3368}.Debug|Any CPU.Build.0 = Debug|Any CPU
		{45C15002-E18C-40F4-B055-2D5260BB3368}.Release|Any CPU.ActiveCfg = Release|Any CPU
		{45C15002-E18C-40F4-B055-2D5260BB3368}.Release|Any CPU.Build.0 = Release|Any CPU
	EndGlobalSection
	GlobalSection(SolutionProperties) = preSolution
		HideSolutionNode = FALSE
	EndGlobalSection
	GlobalSection(ExtensibilityGlobals) = postSolution
		SolutionGuid = {57A5C7BD-886A-4986-9E3F-DE8EBBBFF741}
	EndGlobalSection
EndGlobal
